// !$*UTF8*$!
{
	archiveVersion = 1;
	classes = {
	};
	objectVersion = 50;
	objects = {

/* Begin PBXBuildFile section */
		594E45652105725900692D5B /* AppDelegate.swift in Sources */ = {isa = PBXBuildFile; fileRef = 594E45642105725900692D5B /* AppDelegate.swift */; };
		594E45672105725900692D5B /* ViewController.swift in Sources */ = {isa = PBXBuildFile; fileRef = 594E45662105725900692D5B /* ViewController.swift */; };
		594E456A2105725900692D5B /* Main.storyboard in Resources */ = {isa = PBXBuildFile; fileRef = 594E45682105725900692D5B /* Main.storyboard */; };
		594E456D2105725900692D5B /* playLists.xcdatamodeld in Sources */ = {isa = PBXBuildFile; fileRef = 594E456B2105725900692D5B /* playLists.xcdatamodeld */; };
		594E456F2105725B00692D5B /* Assets.xcassets in Resources */ = {isa = PBXBuildFile; fileRef = 594E456E2105725B00692D5B /* Assets.xcassets */; };
		594E45722105725B00692D5B /* LaunchScreen.storyboard in Resources */ = {isa = PBXBuildFile; fileRef = 594E45702105725B00692D5B /* LaunchScreen.storyboard */; };
		594E457B21060CA700692D5B /* StructJSON.swift in Sources */ = {isa = PBXBuildFile; fileRef = 594E457A21060CA700692D5B /* StructJSON.swift */; };
		594E457F21061C5200692D5B /* ThumbnailViewCell.swift in Sources */ = {isa = PBXBuildFile; fileRef = 594E457D21061C5200692D5B /* ThumbnailViewCell.swift */; };
		594E458021061C5200692D5B /* ThumbnailViewCell.xib in Resources */ = {isa = PBXBuildFile; fileRef = 594E457E21061C5200692D5B /* ThumbnailViewCell.xib */; };
		594E459B21064BF600692D5B /* VideoPlayerCV.swift in Sources */ = {isa = PBXBuildFile; fileRef = 594E459A21064BF600692D5B /* VideoPlayerCV.swift */; };
		594E45A12106A93400692D5B /* icon_prev.png in Resources */ = {isa = PBXBuildFile; fileRef = 594E459D2106A93400692D5B /* icon_prev.png */; };
		594E45A22106A93400692D5B /* icon_pause.png in Resources */ = {isa = PBXBuildFile; fileRef = 594E459E2106A93400692D5B /* icon_pause.png */; };
		594E45A32106A93400692D5B /* icon_play.png in Resources */ = {isa = PBXBuildFile; fileRef = 594E459F2106A93400692D5B /* icon_play.png */; };
		594E45A42106A93400692D5B /* icon_close.png in Resources */ = {isa = PBXBuildFile; fileRef = 594E45A02106A93400692D5B /* icon_close.png */; };
		A04F86E0B05288D66DB534C3 /* Pods_playLists.framework in Frameworks */ = {isa = PBXBuildFile; fileRef = D1513C3D0A00CA6BF10EA778 /* Pods_playLists.framework */; };
/* End PBXBuildFile section */

/* Begin PBXFileReference section */
		05E9ADAC6B0530C332EA5F24 /* Pods-playLists.debug.xcconfig */ = {isa = PBXFileReference; includeInIndex = 1; lastKnownFileType = text.xcconfig; name = "Pods-playLists.debug.xcconfig"; path = "Pods/Target Support Files/Pods-playLists/Pods-playLists.debug.xcconfig"; sourceTree = "<group>"; };
		594E45612105725900692D5B /* playLists.app */ = {isa = PBXFileReference; explicitFileType = wrapper.application; includeInIndex = 0; path = playLists.app; sourceTree = BUILT_PRODUCTS_DIR; };
		594E45642105725900692D5B /* AppDelegate.swift */ = {isa = PBXFileReference; lastKnownFileType = sourcecode.swift; path = AppDelegate.swift; sourceTree = "<group>"; };
		594E45662105725900692D5B /* ViewController.swift */ = {isa = PBXFileReference; lastKnownFileType = sourcecode.swift; path = ViewController.swift; sourceTree = "<group>"; };
		594E45692105725900692D5B /* Base */ = {isa = PBXFileReference; lastKnownFileType = file.storyboard; name = Base; path = Base.lproj/Main.storyboard; sourceTree = "<group>"; };
		594E456C2105725900692D5B /* playLists.xcdatamodel */ = {isa = PBXFileReference; lastKnownFileType = wrapper.xcdatamodel; path = playLists.xcdatamodel; sourceTree = "<group>"; };
		594E456E2105725B00692D5B /* Assets.xcassets */ = {isa = PBXFileReference; lastKnownFileType = folder.assetcatalog; path = Assets.xcassets; sourceTree = "<group>"; };
		594E45712105725B00692D5B /* Base */ = {isa = PBXFileReference; lastKnownFileType = file.storyboard; name = Base; path = Base.lproj/LaunchScreen.storyboard; sourceTree = "<group>"; };
		594E45732105725B00692D5B /* Info.plist */ = {isa = PBXFileReference; lastKnownFileType = text.plist.xml; path = Info.plist; sourceTree = "<group>"; };
		594E457A21060CA700692D5B /* StructJSON.swift */ = {isa = PBXFileReference; lastKnownFileType = sourcecode.swift; path = StructJSON.swift; sourceTree = "<group>"; };
		594E457D21061C5200692D5B /* ThumbnailViewCell.swift */ = {isa = PBXFileReference; lastKnownFileType = sourcecode.swift; path = ThumbnailViewCell.swift; sourceTree = "<group>"; };
		594E457E21061C5200692D5B /* ThumbnailViewCell.xib */ = {isa = PBXFileReference; lastKnownFileType = file.xib; path = ThumbnailViewCell.xib; sourceTree = "<group>"; };
		594E459A21064BF600692D5B /* VideoPlayerCV.swift */ = {isa = PBXFileReference; lastKnownFileType = sourcecode.swift; path = VideoPlayerCV.swift; sourceTree = "<group>"; };
		594E459D2106A93400692D5B /* icon_prev.png */ = {isa = PBXFileReference; lastKnownFileType = image.png; path = icon_prev.png; sourceTree = "<group>"; };
		594E459E2106A93400692D5B /* icon_pause.png */ = {isa = PBXFileReference; lastKnownFileType = image.png; path = icon_pause.png; sourceTree = "<group>"; };
		594E459F2106A93400692D5B /* icon_play.png */ = {isa = PBXFileReference; lastKnownFileType = image.png; path = icon_play.png; sourceTree = "<group>"; };
		594E45A02106A93400692D5B /* icon_close.png */ = {isa = PBXFileReference; lastKnownFileType = image.png; path = icon_close.png; sourceTree = "<group>"; };
		6814EED11E6CDE8F6C888757 /* Pods-playLists.release.xcconfig */ = {isa = PBXFileReference; includeInIndex = 1; lastKnownFileType = text.xcconfig; name = "Pods-playLists.release.xcconfig"; path = "Pods/Target Support Files/Pods-playLists/Pods-playLists.release.xcconfig"; sourceTree = "<group>"; };
		D1513C3D0A00CA6BF10EA778 /* Pods_playLists.framework */ = {isa = PBXFileReference; explicitFileType = wrapper.framework; includeInIndex = 0; path = Pods_playLists.framework; sourceTree = BUILT_PRODUCTS_DIR; };
/* End PBXFileReference section */

/* Begin PBXFrameworksBuildPhase section */
		594E455E2105725900692D5B /* Frameworks */ = {
			isa = PBXFrameworksBuildPhase;
			buildActionMask = 2147483647;
			files = (
				A04F86E0B05288D66DB534C3 /* Pods_playLists.framework in Frameworks */,
			);
			runOnlyForDeploymentPostprocessing = 0;
		};
/* End PBXFrameworksBuildPhase section */

/* Begin PBXGroup section */
		05F81629A9E1EB6384D910ED /* Pods */ = {
			isa = PBXGroup;
			children = (
				05E9ADAC6B0530C332EA5F24 /* Pods-playLists.debug.xcconfig */,
				6814EED11E6CDE8F6C888757 /* Pods-playLists.release.xcconfig */,
			);
			name = Pods;
			sourceTree = "<group>";
		};
		34E1CFF0838DD733B3AD0291 /* Frameworks */ = {
			isa = PBXGroup;
			children = (
				D1513C3D0A00CA6BF10EA778 /* Pods_playLists.framework */,
			);
			name = Frameworks;
			sourceTree = "<group>";
		};
		594E45582105725900692D5B = {
			isa = PBXGroup;
			children = (
				594E45632105725900692D5B /* playLists */,
				594E45622105725900692D5B /* Products */,
				05F81629A9E1EB6384D910ED /* Pods */,
				34E1CFF0838DD733B3AD0291 /* Frameworks */,
			);
			sourceTree = "<group>";
		};
		594E45622105725900692D5B /* Products */ = {
			isa = PBXGroup;
			children = (
				594E45612105725900692D5B /* playLists.app */,
			);
			name = Products;
			sourceTree = "<group>";
		};
		594E45632105725900692D5B /* playLists */ = {
			isa = PBXGroup;
			children = (
				594E459C2106A74400692D5B /* Resources */,
				594E459921064BC900692D5B /* VideoPlayer */,
				594E457C21061AF600692D5B /* ThumbnailView */,
				594E457921060C9300692D5B /* Structure */,
				594E45642105725900692D5B /* AppDelegate.swift */,
				594E45662105725900692D5B /* ViewController.swift */,
				594E45682105725900692D5B /* Main.storyboard */,
				594E456E2105725B00692D5B /* Assets.xcassets */,
				594E45702105725B00692D5B /* LaunchScreen.storyboard */,
				594E45732105725B00692D5B /* Info.plist */,
				594E456B2105725900692D5B /* playLists.xcdatamodeld */,
			);
			path = playLists;
			sourceTree = "<group>";
		};
		594E457921060C9300692D5B /* Structure */ = {
			isa = PBXGroup;
			children = (
				594E457A21060CA700692D5B /* StructJSON.swift */,
			);
			path = Structure;
			sourceTree = "<group>";
		};
		594E457C21061AF600692D5B /* ThumbnailView */ = {
			isa = PBXGroup;
			children = (
				594E457D21061C5200692D5B /* ThumbnailViewCell.swift */,
				594E457E21061C5200692D5B /* ThumbnailViewCell.xib */,
			);
			path = ThumbnailView;
			sourceTree = "<group>";
		};
		594E459921064BC900692D5B /* VideoPlayer */ = {
			isa = PBXGroup;
			children = (
				594E459A21064BF600692D5B /* VideoPlayerCV.swift */,
			);
			path = VideoPlayer;
			sourceTree = "<group>";
		};
		594E459C2106A74400692D5B /* Resources */ = {
			isa = PBXGroup;
			children = (
				594E45A02106A93400692D5B /* icon_close.png */,
				594E459E2106A93400692D5B /* icon_pause.png */,
				594E459F2106A93400692D5B /* icon_play.png */,
				594E459D2106A93400692D5B /* icon_prev.png */,
			);
			path = Resources;
			sourceTree = "<group>";
		};
/* End PBXGroup section */

/* Begin PBXNativeTarget section */
		594E45602105725900692D5B /* playLists */ = {
			isa = PBXNativeTarget;
			buildConfigurationList = 594E45762105725B00692D5B /* Build configuration list for PBXNativeTarget "playLists" */;
			buildPhases = (
				34D5705CFD95765540F37248 /* [CP] Check Pods Manifest.lock */,
				594E455D2105725900692D5B /* Sources */,
				594E455E2105725900692D5B /* Frameworks */,
				594E455F2105725900692D5B /* Resources */,
				2C821ED305B1995B0D5571C4 /* [CP] Embed Pods Frameworks */,
			);
			buildRules = (
			);
			dependencies = (
			);
			name = playLists;
			productName = playLists;
			productReference = 594E45612105725900692D5B /* playLists.app */;
			productType = "com.apple.product-type.application";
		};
/* End PBXNativeTarget section */

/* Begin PBXProject section */
		594E45592105725900692D5B /* Project object */ = {
			isa = PBXProject;
			attributes = {
				LastSwiftUpdateCheck = 0940;
				LastUpgradeCheck = 0940;
				ORGANIZATIONNAME = caomus;
				TargetAttributes = {
					594E45602105725900692D5B = {
						CreatedOnToolsVersion = 9.4.1;
					};
				};
			};
			buildConfigurationList = 594E455C2105725900692D5B /* Build configuration list for PBXProject "playLists" */;
			compatibilityVersion = "Xcode 9.3";
			developmentRegion = en;
			hasScannedForEncodings = 0;
			knownRegions = (
				en,
				Base,
			);
			mainGroup = 594E45582105725900692D5B;
			productRefGroup = 594E45622105725900692D5B /* Products */;
			projectDirPath = "";
			projectRoot = "";
			targets = (
				594E45602105725900692D5B /* playLists */,
			);
		};
/* End PBXProject section */

/* Begin PBXResourcesBuildPhase section */
		594E455F2105725900692D5B /* Resources */ = {
			isa = PBXResourcesBuildPhase;
			buildActionMask = 2147483647;
			files = (
				594E45722105725B00692D5B /* LaunchScreen.storyboard in Resources */,
				594E458021061C5200692D5B /* ThumbnailViewCell.xib in Resources */,
				594E456F2105725B00692D5B /* Assets.xcassets in Resources */,
				594E456A2105725900692D5B /* Main.storyboard in Resources */,
				594E45A12106A93400692D5B /* icon_prev.png in Resources */,
				594E45A22106A93400692D5B /* icon_pause.png in Resources */,
				594E45A32106A93400692D5B /* icon_play.png in Resources */,
				594E45A42106A93400692D5B /* icon_close.png in Resources */,
			);
			runOnlyForDeploymentPostprocessing = 0;
		};
/* End PBXResourcesBuildPhase section */

/* Begin PBXShellScriptBuildPhase section */
		2C821ED305B1995B0D5571C4 /* [CP] Embed Pods Frameworks */ = {
			isa = PBXShellScriptBuildPhase;
			buildActionMask = 2147483647;
			files = (
			);
			inputPaths = (
				"${SRCROOT}/Pods/Target Support Files/Pods-playLists/Pods-playLists-frameworks.sh",
				"${BUILT_PRODUCTS_DIR}/YouTubePlayer/YouTubePlayer.framework",
			);
			name = "[CP] Embed Pods Frameworks";
			outputPaths = (
				"${TARGET_BUILD_DIR}/${FRAMEWORKS_FOLDER_PATH}/YouTubePlayer.framework",
			);
			runOnlyForDeploymentPostprocessing = 0;
			shellPath = /bin/sh;
			shellScript = "\"${SRCROOT}/Pods/Target Support Files/Pods-playLists/Pods-playLists-frameworks.sh\"\n";
			showEnvVarsInLog = 0;
		};
		34D5705CFD95765540F37248 /* [CP] Check Pods Manifest.lock */ = {
			isa = PBXShellScriptBuildPhase;
			buildActionMask = 2147483647;
			files = (
			);
			inputPaths = (
				"${PODS_PODFILE_DIR_PATH}/Podfile.lock",
				"${PODS_ROOT}/Manifest.lock",
			);
			name = "[CP] Check Pods Manifest.lock";
			outputPaths = (
				"$(DERIVED_FILE_DIR)/Pods-playLists-checkManifestLockResult.txt",
			);
			runOnlyForDeploymentPostprocessing = 0;
			shellPath = /bin/sh;
			shellScript = "diff \"${PODS_PODFILE_DIR_PATH}/Podfile.lock\" \"${PODS_ROOT}/Manifest.lock\" > /dev/null\nif [ $? != 0 ] ; then\n    # print error to STDERR\n    echo \"error: The sandbox is not in sync with the Podfile.lock. Run 'pod install' or update your CocoaPods installation.\" >&2\n    exit 1\nfi\n# This output is used by Xcode 'outputs' to avoid re-running this script phase.\necho \"SUCCESS\" > \"${SCRIPT_OUTPUT_FILE_0}\"\n";
			showEnvVarsInLog = 0;
		};
/* End PBXShellScriptBuildPhase section */

/* Begin PBXSourcesBuildPhase section */
		594E455D2105725900692D5B /* Sources */ = {
			isa = PBXSourcesBuildPhase;
			buildActionMask = 2147483647;
			files = (
				594E457F21061C5200692D5B /* ThumbnailViewCell.swift in Sources */,
				594E457B21060CA700692D5B /* StructJSON.swift in Sources */,
				594E45672105725900692D5B /* ViewController.swift in Sources */,
				594E459B21064BF600692D5B /* VideoPlayerCV.swift in Sources */,
				594E45652105725900692D5B /* AppDelegate.swift in Sources */,
				594E456D2105725900692D5B /* playLists.xcdatamodeld in Sources */,
			);
			runOnlyForDeploymentPostprocessing = 0;
		};
/* End PBXSourcesBuildPhase section */

/* Begin PBXVariantGroup section */
		594E45682105725900692D5B /* Main.storyboard */ = {
			isa = PBXVariantGroup;
			children = (
				594E45692105725900692D5B /* Base */,
			);
			name = Main.storyboard;
			sourceTree = "<group>";
		};
		594E45702105725B00692D5B /* LaunchScreen.storyboard */ = {
			isa = PBXVariantGroup;
			children = (
				594E45712105725B00692D5B /* Base */,
			);
			name = LaunchScreen.storyboard;
			sourceTree = "<group>";
		};
/* End PBXVariantGroup section */

/* Begin XCBuildConfiguration section */
		594E45742105725B00692D5B /* Debug */ = {
			isa = XCBuildConfiguration;
			buildSettings = {
				ALWAYS_SEARCH_USER_PATHS = NO;
				CLANG_ANALYZER_NONNULL = YES;
				CLANG_ANALYZER_NUMBER_OBJECT_CONVERSION = YES_AGGRESSIVE;
				CLANG_CXX_LANGUAGE_STANDARD = "gnu++14";
				CLANG_CXX_LIBRARY = "libc++";
				CLANG_ENABLE_MODULES = YES;
				CLANG_ENABLE_OBJC_ARC = YES;
				CLANG_ENABLE_OBJC_WEAK = YES;
				CLANG_WARN_BLOCK_CAPTURE_AUTORELEASING = YES;
				CLANG_WARN_BOOL_CONVERSION = YES;
				CLANG_WARN_COMMA = YES;
				CLANG_WARN_CONSTANT_CONVERSION = YES;
				CLANG_WARN_DEPRECATED_OBJC_IMPLEMENTATIONS = YES;
				CLANG_WARN_DIRECT_OBJC_ISA_USAGE = YES_ERROR;
				CLANG_WARN_DOCUMENTATION_COMMENTS = YES;
				CLANG_WARN_EMPTY_BODY = YES;
				CLANG_WARN_ENUM_CONVERSION = YES;
				CLANG_WARN_INFINITE_RECURSION = YES;
				CLANG_WARN_INT_CONVERSION = YES;
				CLANG_WARN_NON_LITERAL_NULL_CONVERSION = YES;
				CLANG_WARN_OBJC_IMPLICIT_RETAIN_SELF = YES;
				CLANG_WARN_OBJC_LITERAL_CONVERSION = YES;
				CLANG_WARN_OBJC_ROOT_CLASS = YES_ERROR;
				CLANG_WARN_RANGE_LOOP_ANALYSIS = YES;
				CLANG_WARN_STRICT_PROTOTYPES = YES;
				CLANG_WARN_SUSPICIOUS_MOVE = YES;
				CLANG_WARN_UNGUARDED_AVAILABILITY = YES_AGGRESSIVE;
				CLANG_WARN_UNREACHABLE_CODE = YES;
				CLANG_WARN__DUPLICATE_METHOD_MATCH = YES;
				CODE_SIGN_IDENTITY = "iPhone Developer";
				COPY_PHASE_STRIP = NO;
				DEBUG_INFORMATION_FORMAT = dwarf;
				ENABLE_STRICT_OBJC_MSGSEND = YES;
				ENABLE_TESTABILITY = YES;
				GCC_C_LANGUAGE_STANDARD = gnu11;
				GCC_DYNAMIC_NO_PIC = NO;
				GCC_NO_COMMON_BLOCKS = YES;
				GCC_OPTIMIZATION_LEVEL = 0;
				GCC_PREPROCESSOR_DEFINITIONS = (
					"DEBUG=1",
					"$(inherited)",
				);
				GCC_WARN_64_TO_32_BIT_CONVERSION = YES;
				GCC_WARN_ABOUT_RETURN_TYPE = YES_ERROR;
				GCC_WARN_UNDECLARED_SELECTOR = YES;
				GCC_WARN_UNINITIALIZED_AUTOS = YES_AGGRESSIVE;
				GCC_WARN_UNUSED_FUNCTION = YES;
				GCC_WARN_UNUSED_VARIABLE = YES;
				IPHONEOS_DEPLOYMENT_TARGET = 11.4;
				MTL_ENABLE_DEBUG_INFO = YES;
				ONLY_ACTIVE_ARCH = YES;
				SDKROOT = iphoneos;
				SWIFT_ACTIVE_COMPILATION_CONDITIONS = DEBUG;
				SWIFT_OPTIMIZATION_LEVEL = "-Onone";
			};
			name = Debug;
		};
		594E45752105725B00692D5B /* Release */ = {
			isa = XCBuildConfiguration;
			buildSettings = {
				ALWAYS_SEARCH_USER_PATHS = NO;
				CLANG_ANALYZER_NONNULL = YES;
				CLANG_ANALYZER_NUMBER_OBJECT_CONVERSION = YES_AGGRESSIVE;
				CLANG_CXX_LANGUAGE_STANDARD = "gnu++14";
				CLANG_CXX_LIBRARY = "libc++";
				CLANG_ENABLE_MODULES = YES;
				CLANG_ENABLE_OBJC_ARC = YES;
				CLANG_ENABLE_OBJC_WEAK = YES;
				CLANG_WARN_BLOCK_CAPTURE_AUTORELEASING = YES;
				CLANG_WARN_BOOL_CONVERSION = YES;
				CLANG_WARN_COMMA = YES;
				CLANG_WARN_CONSTANT_CONVERSION = YES;
				CLANG_WARN_DEPRECATED_OBJC_IMPLEMENTATIONS = YES;
				CLANG_WARN_DIRECT_OBJC_ISA_USAGE = YES_ERROR;
				CLANG_WARN_DOCUMENTATION_COMMENTS = YES;
				CLANG_WARN_EMPTY_BODY = YES;
				CLANG_WARN_ENUM_CONVERSION = YES;
				CLANG_WARN_INFINITE_RECURSION = YES;
				CLANG_WARN_INT_CONVERSION = YES;
				CLANG_WARN_NON_LITERAL_NULL_CONVERSION = YES;
				CLANG_WARN_OBJC_IMPLICIT_RETAIN_SELF = YES;
				CLANG_WARN_OBJC_LITERAL_CONVERSION = YES;
				CLANG_WARN_OBJC_ROOT_CLASS = YES_ERROR;
				CLANG_WARN_RANGE_LOOP_ANALYSIS = YES;
				CLANG_WARN_STRICT_PROTOTYPES = YES;
				CLANG_WARN_SUSPICIOUS_MOVE = YES;
				CLANG_WARN_UNGUARDED_AVAILABILITY = YES_AGGRESSIVE;
				CLANG_WARN_UNREACHABLE_CODE = YES;
				CLANG_WARN__DUPLICATE_METHOD_MATCH = YES;
				CODE_SIGN_IDENTITY = "iPhone Developer";
				COPY_PHASE_STRIP = NO;
				DEBUG_INFORMATION_FORMAT = "dwarf-with-dsym";
				ENABLE_NS_ASSERTIONS = NO;
				ENABLE_STRICT_OBJC_MSGSEND = YES;
				GCC_C_LANGUAGE_STANDARD = gnu11;
				GCC_NO_COMMON_BLOCKS = YES;
				GCC_WARN_64_TO_32_BIT_CONVERSION = YES;
				GCC_WARN_ABOUT_RETURN_TYPE = YES_ERROR;
				GCC_WARN_UNDECLARED_SELECTOR = YES;
				GCC_WARN_UNINITIALIZED_AUTOS = YES_AGGRESSIVE;
				GCC_WARN_UNUSED_FUNCTION = YES;
				GCC_WARN_UNUSED_VARIABLE = YES;
				IPHONEOS_DEPLOYMENT_TARGET = 11.4;
				MTL_ENABLE_DEBUG_INFO = NO;
				SDKROOT = iphoneos;
				SWIFT_COMPILATION_MODE = wholemodule;
				SWIFT_OPTIMIZATION_LEVEL = "-O";
				VALIDATE_PRODUCT = YES;
			};
			name = Release;
		};
		594E45772105725B00692D5B /* Debug */ = {
			isa = XCBuildConfiguration;
			baseConfigurationReference = 05E9ADAC6B0530C332EA5F24 /* Pods-playLists.debug.xcconfig */;
			buildSettings = {
				ASSETCATALOG_COMPILER_APPICON_NAME = AppIcon;
				CODE_SIGN_STYLE = Automatic;
				DEVELOPMENT_TEAM = 84S7V69HNF;
				INFOPLIST_FILE = playLists/Info.plist;
				LD_RUNPATH_SEARCH_PATHS = (
					"$(inherited)",
					"@executable_path/Frameworks",
				);
				PRODUCT_BUNDLE_IDENTIFIER = com.caomus.playLists;
				PRODUCT_NAME = "$(TARGET_NAME)";
				SWIFT_VERSION = 4.0;
				TARGETED_DEVICE_FAMILY = "1,2";
			};
			name = Debug;
		};
		594E45782105725B00692D5B /* Release */ = {
			isa = XCBuildConfiguration;
			baseConfigurationReference = 6814EED11E6CDE8F6C888757 /* Pods-playLists.release.xcconfig */;
			buildSettings = {
				ASSETCATALOG_COMPILER_APPICON_NAME = AppIcon;
				CODE_SIGN_STYLE = Automatic;
				DEVELOPMENT_TEAM = 84S7V69HNF;
				INFOPLIST_FILE = playLists/Info.plist;
				LD_RUNPATH_SEARCH_PATHS = (
					"$(inherited)",
					"@executable_path/Frameworks",
				);
				PRODUCT_BUNDLE_IDENTIFIER = com.caomus.playLists;
				PRODUCT_NAME = "$(TARGET_NAME)";
				SWIFT_VERSION = 4.0;
				TARGETED_DEVICE_FAMILY = "1,2";
			};
			name = Release;
		};
/* End XCBuildConfiguration section */

/* Begin XCConfigurationList section */
		594E455C2105725900692D5B /* Build configuration list for PBXProject "playLists" */ = {
			isa = XCConfigurationList;
			buildConfigurations = (
				594E45742105725B00692D5B /* Debug */,
				594E45752105725B00692D5B /* Release */,
			);
			defaultConfigurationIsVisible = 0;
			defaultConfigurationName = Release;
		};
		594E45762105725B00692D5B /* Build configuration list for PBXNativeTarget "playLists" */ = {
			isa = XCConfigurationList;
			buildConfigurations = (
				594E45772105725B00692D5B /* Debug */,
				594E45782105725B00692D5B /* Release */,
			);
			defaultConfigurationIsVisible = 0;
			defaultConfigurationName = Release;
		};
/* End XCConfigurationList section */

/* Begin XCVersionGroup section */
		594E456B2105725900692D5B /* playLists.xcdatamodeld */ = {
			isa = XCVersionGroup;
			children = (
				594E456C2105725900692D5B /* playLists.xcdatamodel */,
			);
			currentVersion = 594E456C2105725900692D5B /* playLists.xcdatamodel */;
			path = playLists.xcdatamodeld;
			sourceTree = "<group>";
			versionGroupType = wrapper.xcdatamodel;
		};
/* End XCVersionGroup section */
	};
	rootObject = 594E45592105725900692D5B /* Project object */;
}
