PODS:
  - YouTubePlayer (0.4.0)

DEPENDENCIES:
  - YouTubePlayer (~> 0.4)

SPEC REPOS:
  https://github.com/cocoapods/specs.git:
    - YouTubePlayer

SPEC CHECKSUMS:
  YouTubePlayer: 028451f6772f372d4759866db99824c676ac1473

PODFILE CHECKSUM: f2266bd8271e00f0b8d81751d8a87850cffc1575

COCOAPODS: 1.5.3
